
Microsoft Visual Studio Solution File, Format Version 12.00
# Visual Studio Version 16
VisualStudioVersion = 16.0.29709.97
MinimumVisualStudioVersion = 10.0.40219.1
Project("{FAE04EC0-301F-11D3-BF4B-00C04F79EFBC}") = "301041266(aguiar)_Lab02", "301041266(aguiar)_Lab02\301041266(aguiar)_Lab02.csproj", "{9F813E82-6E18-4688-A4F2-3AAA19F01D61}"
EndProject
Project("{FAE04EC0-301F-11D3-BF4B-00C04F79EFBC}") = "LoginUserControl", "LoginUserControl\LoginUserControl.csproj", "{57C742C2-7CBC-417A-9DA8-25327947520B}"
EndProject
Project("{FAE04EC0-301F-11D3-BF4B-00C04F79EFBC}") = "TesterLogin", "TesterLogin\TesterLogin.csproj", "{38302011-F4B4-445F-9E58-79B5B8AEB8A3}"
EndProject
Global
	GlobalSection(SolutionConfigurationPlatforms) = preSolution
		Debug|Any CPU = Debug|Any CPU
		Release|Any CPU = Release|Any CPU
	EndGlobalSection
	GlobalSection(ProjectConfigurationPlatforms) = postSolution
		{9F813E82-6E18-4688-A4F2-3AAA19F01D61}.Debug|Any CPU.ActiveCfg = Debug|Any CPU
		{9F813E82-6E18-4688-A4F2-3AAA19F01D61}.Debug|Any CPU.Build.0 = Debug|Any CPU
		{9F813E82-6E18-4688-A4F2-3AAA19F01D61}.Release|Any CPU.ActiveCfg = Release|Any CPU
		{9F813E82-6E18-4688-A4F2-3AAA19F01D61}.Release|Any CPU.Build.0 = Release|Any CPU
		{57C742C2-7CBC-417A-9DA8-25327947520B}.Debug|Any CPU.ActiveCfg = Debug|Any CPU
		{57C742C2-7CBC-417A-9DA8-25327947520B}.Debug|Any CPU.Build.0 = Debug|Any CPU
		{57C742C2-7CBC-417A-9DA8-25327947520B}.Release|Any CPU.ActiveCfg = Release|Any CPU
		{57C742C2-7CBC-417A-9DA8-25327947520B}.Release|Any CPU.Build.0 = Release|Any CPU
		{38302011-F4B4-445F-9E58-79B5B8AEB8A3}.Debug|Any CPU.ActiveCfg = Debug|Any CPU
		{38302011-F4B4-445F-9E58-79B5B8AEB8A3}.Debug|Any CPU.Build.0 = Debug|Any CPU
		{38302011-F4B4-445F-9E58-79B5B8AEB8A3}.Release|Any CPU.ActiveCfg = Release|Any CPU
		{38302011-F4B4-445F-9E58-79B5B8AEB8A3}.Release|Any CPU.Build.0 = Release|Any CPU
	EndGlobalSection
	GlobalSection(SolutionProperties) = preSolution
		HideSolutionNode = FALSE
	EndGlobalSection
	GlobalSection(ExtensibilityGlobals) = postSolution
		SolutionGuid = {FF104036-19D4-439A-8598-06559F72B72F}
	EndGlobalSection
EndGlobal
